
Microsoft Visual Studio Solution File, Format Version 12.00
# Visual Studio Version 17
VisualStudioVersion = 17.14.36127.28
MinimumVisualStudioVersion = 10.0.40219.1
Project("{FAE04EC0-301F-11D3-BF4B-00C04F79EFBC}") = "DTourGuide.API", "DTourGuide.API\DTourGuide.API.csproj", "{70EA39FA-F58F-416A-A174-13D9E27D9BCA}"
EndProject
Project("{FAE04EC0-301F-11D3-BF4B-00C04F79EFBC}") = "DTourGuide.Domain", "DTourGuide.Domain\DTourGuide.Domain.csproj", "{FF721457-9D4E-40F5-B3D9-CA121640735E}"
EndProject
Project("{FAE04EC0-301F-11D3-BF4B-00C04F79EFBC}") = "DTourGuide.Infrastructure", "DTourGuide.Infrastructure\DTourGuide.Infrastructure.csproj", "{8CBA7410-CE59-4E59-94A3-5EE06646A4E8}"
EndProject
Project("{FAE04EC0-301F-11D3-BF4B-00C04F79EFBC}") = "DTourGuide.Application", "DTourGuide.Application\DTourGuide.Application.csproj", "{726AFC95-F44E-40EA-B529-9343130ECB4E}"
EndProject
Global
	GlobalSection(SolutionConfigurationPlatforms) = preSolution
		Debug|Any CPU = Debug|Any CPU
		Release|Any CPU = Release|Any CPU
	EndGlobalSection
	GlobalSection(ProjectConfigurationPlatforms) = postSolution
		{70EA39FA-F58F-416A-A174-13D9E27D9BCA}.Debug|Any CPU.ActiveCfg = Debug|Any CPU
		{70EA39FA-F58F-416A-A174-13D9E27D9BCA}.Debug|Any CPU.Build.0 = Debug|Any CPU
		{70EA39FA-F58F-416A-A174-13D9E27D9BCA}.Release|Any CPU.ActiveCfg = Release|Any CPU
		{70EA39FA-F58F-416A-A174-13D9E27D9BCA}.Release|Any CPU.Build.0 = Release|Any CPU
		{FF721457-9D4E-40F5-B3D9-CA121640735E}.Debug|Any CPU.ActiveCfg = Debug|Any CPU
		{FF721457-9D4E-40F5-B3D9-CA121640735E}.Debug|Any CPU.Build.0 = Debug|Any CPU
		{FF721457-9D4E-40F5-B3D9-CA121640735E}.Release|Any CPU.ActiveCfg = Release|Any CPU
		{FF721457-9D4E-40F5-B3D9-CA121640735E}.Release|Any CPU.Build.0 = Release|Any CPU
		{8CBA7410-CE59-4E59-94A3-5EE06646A4E8}.Debug|Any CPU.ActiveCfg = Debug|Any CPU
		{8CBA7410-CE59-4E59-94A3-5EE06646A4E8}.Debug|Any CPU.Build.0 = Debug|Any CPU
		{8CBA7410-CE59-4E59-94A3-5EE06646A4E8}.Release|Any CPU.ActiveCfg = Release|Any CPU
		{8CBA7410-CE59-4E59-94A3-5EE06646A4E8}.Release|Any CPU.Build.0 = Release|Any CPU
		{726AFC95-F44E-40EA-B529-9343130ECB4E}.Debug|Any CPU.ActiveCfg = Debug|Any CPU
		{726AFC95-F44E-40EA-B529-9343130ECB4E}.Debug|Any CPU.Build.0 = Debug|Any CPU
		{726AFC95-F44E-40EA-B529-9343130ECB4E}.Release|Any CPU.ActiveCfg = Release|Any CPU
		{726AFC95-F44E-40EA-B529-9343130ECB4E}.Release|Any CPU.Build.0 = Release|Any CPU
	EndGlobalSection
	GlobalSection(SolutionProperties) = preSolution
		HideSolutionNode = FALSE
	EndGlobalSection
	GlobalSection(ExtensibilityGlobals) = postSolution
		SolutionGuid = {DE02541A-B136-44FA-AC04-40A18ED70610}
	EndGlobalSection
EndGlobal
